
Microsoft Visual Studio Solution File, Format Version 10.00
# Visual Studio 2008
Project("{FAE04EC0-301F-11D3-BF4B-00C04F79EFBC}") = "shadowsocks-csharp", "shadowsocks-csharp\shadowsocks-csharp.csproj", "{8C02D2F7-7CDB-4D55-9F25-CD03EF4AA062}"
EndProject
Global
	GlobalSection(SolutionConfigurationPlatforms) = preSolution
		Debug|Any CPU = Debug|Any CPU
		Release|Any CPU = Release|Any CPU
	EndGlobalSection
	GlobalSection(ProjectConfigurationPlatforms) = postSolution
		{8C02D2F7-7CDB-4D55-9F25-CD03EF4AA062}.Debug|Any CPU.ActiveCfg = Debug|Any CPU
		{8C02D2F7-7CDB-4D55-9F25-CD03EF4AA062}.Debug|Any CPU.Build.0 = Debug|Any CPU
		{8C02D2F7-7CDB-4D55-9F25-CD03EF4AA062}.Release|Any CPU.ActiveCfg = Release|Any CPU
		{8C02D2F7-7CDB-4D55-9F25-CD03EF4AA062}.Release|Any CPU.Build.0 = Release|Any CPU
	EndGlobalSection
	GlobalSection(SolutionProperties) = preSolution
		HideSolutionNode = FALSE
	EndGlobalSection
EndGlobal
