
Microsoft Visual Studio Solution File, Format Version 12.00
# Visual Studio Version 16
VisualStudioVersion = 16.0.29709.97
MinimumVisualStudioVersion = 10.0.40219.1
Project("{9A19103F-16F7-4668-BE54-9A1E7A4F7556}") = "shadowsocks-csharp", "shadowsocks-csharp\shadowsocks-csharp.csproj", "{8C02D2F7-7CDB-4D55-9F25-CD03EF4AA062}"
EndProject
Project("{9A19103F-16F7-4668-BE54-9A1E7A4F7556}") = "ShadowsocksTest", "test\ShadowsocksTest.csproj", "{45913187-0685-4903-B250-DCEF0479CD86}"
	ProjectSection(ProjectDependencies) = postProject
		{8C02D2F7-7CDB-4D55-9F25-CD03EF4AA062} = {8C02D2F7-7CDB-4D55-9F25-CD03EF4AA062}
	EndProjectSection
EndProject
Project("{2150E333-8FDC-42A3-9474-1A3956D46DE8}") = "Solution Items", "Solution Items", "{7BD54B24-BBD7-4DD8-99EF-DAEE6684B673}"
	ProjectSection(SolutionItems) = preProject
		.gitignore = .gitignore
		appveyor.yml = appveyor.yml
		appveyor.yml.obsolete = appveyor.yml.obsolete
		appveyor.yml.sample = appveyor.yml.sample
		CHANGES = CHANGES
		CONTRIBUTING.md = CONTRIBUTING.md
		LICENSE.txt = LICENSE.txt
		OPENSSL-GUIDE = OPENSSL-GUIDE
		README.md = README.md
	EndProjectSection
EndProject
Global
	GlobalSection(SolutionConfigurationPlatforms) = preSolution
		Debug|Any CPU = Debug|Any CPU
		Debug|x86 = Debug|x86
		Release|Any CPU = Release|Any CPU
		Release|x86 = Release|x86
	EndGlobalSection
	GlobalSection(ProjectConfigurationPlatforms) = postSolution
		{8C02D2F7-7CDB-4D55-9F25-CD03EF4AA062}.Debug|Any CPU.ActiveCfg = Debug|Any CPU
		{8C02D2F7-7CDB-4D55-9F25-CD03EF4AA062}.Debug|Any CPU.Build.0 = Debug|Any CPU
		{8C02D2F7-7CDB-4D55-9F25-CD03EF4AA062}.Debug|x86.ActiveCfg = Debug|Any CPU
		{8C02D2F7-7CDB-4D55-9F25-CD03EF4AA062}.Debug|x86.Build.0 = Debug|Any CPU
		{8C02D2F7-7CDB-4D55-9F25-CD03EF4AA062}.Release|Any CPU.ActiveCfg = Release|Any CPU
		{8C02D2F7-7CDB-4D55-9F25-CD03EF4AA062}.Release|Any CPU.Build.0 = Release|Any CPU
		{8C02D2F7-7CDB-4D55-9F25-CD03EF4AA062}.Release|x86.ActiveCfg = Release|Any CPU
		{8C02D2F7-7CDB-4D55-9F25-CD03EF4AA062}.Release|x86.Build.0 = Release|Any CPU
		{45913187-0685-4903-B250-DCEF0479CD86}.Debug|Any CPU.ActiveCfg = Debug|Any CPU
		{45913187-0685-4903-B250-DCEF0479CD86}.Debug|Any CPU.Build.0 = Debug|Any CPU
		{45913187-0685-4903-B250-DCEF0479CD86}.Debug|x86.ActiveCfg = Debug|Any CPU
		{45913187-0685-4903-B250-DCEF0479CD86}.Debug|x86.Build.0 = Debug|Any CPU
		{45913187-0685-4903-B250-DCEF0479CD86}.Release|Any CPU.ActiveCfg = Release|Any CPU
		{45913187-0685-4903-B250-DCEF0479CD86}.Release|Any CPU.Build.0 = Release|Any CPU
		{45913187-0685-4903-B250-DCEF0479CD86}.Release|x86.ActiveCfg = Release|Any CPU
		{45913187-0685-4903-B250-DCEF0479CD86}.Release|x86.Build.0 = Release|Any CPU
	EndGlobalSection
	GlobalSection(SolutionProperties) = preSolution
		HideSolutionNode = FALSE
	EndGlobalSection
	GlobalSection(ExtensibilityGlobals) = postSolution
		SolutionGuid = {F7E7D35B-4FDA-4385-95CF-09DADED042EA}
	EndGlobalSection
EndGlobal
