
Microsoft Visual Studio Solution File, Format Version 12.00
# Visual Studio 14
VisualStudioVersion = 14.0.25123.0
MinimumVisualStudioVersion = 10.0.40219.1
Project("{FAE04EC0-301F-11D3-BF4B-00C04F79EFBC}") = "Shadowsocks.Core", "shadowsocks.core\Shadowsocks.Core.csproj", "{14322664-DAB5-4B1A-B3B8-FA687B86FBFF}"
EndProject
Project("{FAE04EC0-301F-11D3-BF4B-00C04F79EFBC}") = "UnitTestProject1", "UnitTestProject1\UnitTestProject1.csproj", "{CD7D78BC-B940-4E41-8F23-E3996CBF0B1F}"
EndProject
Project("{FAE04EC0-301F-11D3-BF4B-00C04F79EFBC}") = "Shadowsocks", "Shadowsocks\Shadowsocks.csproj", "{8CACC349-0D97-4B20-8B7C-4E5C72558FED}"
EndProject
Global
	GlobalSection(SolutionConfigurationPlatforms) = preSolution
		Debug|Any CPU = Debug|Any CPU
		Debug|x64 = Debug|x64
		Debug|x86 = Debug|x86
		Release|Any CPU = Release|Any CPU
		Release|x64 = Release|x64
		Release|x86 = Release|x86
	EndGlobalSection
	GlobalSection(ProjectConfigurationPlatforms) = postSolution
		{14322664-DAB5-4B1A-B3B8-FA687B86FBFF}.Debug|Any CPU.ActiveCfg = Debug|Any CPU
		{14322664-DAB5-4B1A-B3B8-FA687B86FBFF}.Debug|Any CPU.Build.0 = Debug|Any CPU
		{14322664-DAB5-4B1A-B3B8-FA687B86FBFF}.Debug|x64.ActiveCfg = Debug|Any CPU
		{14322664-DAB5-4B1A-B3B8-FA687B86FBFF}.Debug|x64.Build.0 = Debug|Any CPU
		{14322664-DAB5-4B1A-B3B8-FA687B86FBFF}.Debug|x86.ActiveCfg = Debug|x86
		{14322664-DAB5-4B1A-B3B8-FA687B86FBFF}.Debug|x86.Build.0 = Debug|x86
		{14322664-DAB5-4B1A-B3B8-FA687B86FBFF}.Release|Any CPU.ActiveCfg = Release|Any CPU
		{14322664-DAB5-4B1A-B3B8-FA687B86FBFF}.Release|Any CPU.Build.0 = Release|Any CPU
		{14322664-DAB5-4B1A-B3B8-FA687B86FBFF}.Release|x64.ActiveCfg = Release|Any CPU
		{14322664-DAB5-4B1A-B3B8-FA687B86FBFF}.Release|x64.Build.0 = Release|Any CPU
		{14322664-DAB5-4B1A-B3B8-FA687B86FBFF}.Release|x86.ActiveCfg = Release|x86
		{14322664-DAB5-4B1A-B3B8-FA687B86FBFF}.Release|x86.Build.0 = Release|x86
		{CD7D78BC-B940-4E41-8F23-E3996CBF0B1F}.Debug|Any CPU.ActiveCfg = Debug|Any CPU
		{CD7D78BC-B940-4E41-8F23-E3996CBF0B1F}.Debug|Any CPU.Build.0 = Debug|Any CPU
		{CD7D78BC-B940-4E41-8F23-E3996CBF0B1F}.Debug|x64.ActiveCfg = Debug|Any CPU
		{CD7D78BC-B940-4E41-8F23-E3996CBF0B1F}.Debug|x64.Build.0 = Debug|Any CPU
		{CD7D78BC-B940-4E41-8F23-E3996CBF0B1F}.Debug|x86.ActiveCfg = Debug|x86
		{CD7D78BC-B940-4E41-8F23-E3996CBF0B1F}.Debug|x86.Build.0 = Debug|x86
		{CD7D78BC-B940-4E41-8F23-E3996CBF0B1F}.Release|Any CPU.ActiveCfg = Release|Any CPU
		{CD7D78BC-B940-4E41-8F23-E3996CBF0B1F}.Release|Any CPU.Build.0 = Release|Any CPU
		{CD7D78BC-B940-4E41-8F23-E3996CBF0B1F}.Release|x64.ActiveCfg = Release|Any CPU
		{CD7D78BC-B940-4E41-8F23-E3996CBF0B1F}.Release|x64.Build.0 = Release|Any CPU
		{CD7D78BC-B940-4E41-8F23-E3996CBF0B1F}.Release|x86.ActiveCfg = Release|x86
		{CD7D78BC-B940-4E41-8F23-E3996CBF0B1F}.Release|x86.Build.0 = Release|x86
		{8CACC349-0D97-4B20-8B7C-4E5C72558FED}.Debug|Any CPU.ActiveCfg = Debug|Any CPU
		{8CACC349-0D97-4B20-8B7C-4E5C72558FED}.Debug|Any CPU.Build.0 = Debug|Any CPU
		{8CACC349-0D97-4B20-8B7C-4E5C72558FED}.Debug|x64.ActiveCfg = Debug|Any CPU
		{8CACC349-0D97-4B20-8B7C-4E5C72558FED}.Debug|x64.Build.0 = Debug|Any CPU
		{8CACC349-0D97-4B20-8B7C-4E5C72558FED}.Debug|x86.ActiveCfg = Debug|x86
		{8CACC349-0D97-4B20-8B7C-4E5C72558FED}.Debug|x86.Build.0 = Debug|x86
		{8CACC349-0D97-4B20-8B7C-4E5C72558FED}.Release|Any CPU.ActiveCfg = Release|Any CPU
		{8CACC349-0D97-4B20-8B7C-4E5C72558FED}.Release|Any CPU.Build.0 = Release|Any CPU
		{8CACC349-0D97-4B20-8B7C-4E5C72558FED}.Release|x64.ActiveCfg = Release|Any CPU
		{8CACC349-0D97-4B20-8B7C-4E5C72558FED}.Release|x64.Build.0 = Release|Any CPU
		{8CACC349-0D97-4B20-8B7C-4E5C72558FED}.Release|x86.ActiveCfg = Release|x86
		{8CACC349-0D97-4B20-8B7C-4E5C72558FED}.Release|x86.Build.0 = Release|x86
	EndGlobalSection
	GlobalSection(SolutionProperties) = preSolution
		HideSolutionNode = FALSE
	EndGlobalSection
EndGlobal
